schema: '2.0'
stages:
  load_data:
    cmd: python3 src/load_data.py --config=params.yaml
    deps:
    - path: data_given/winequality.csv
      md5: ccc8d3507eb151f53f760d36abdef888
      size: 91998
    - path: src/get_data.py
      md5: 1703499cb02d21b4c0d84a315cf9ada3
      size: 649
    - path: src/load_data.py
      md5: 88da696d2ea5cf2e22d8ff964987e748
      size: 753
    outs:
    - path: data/raw/winequality.csv
      md5: d98e8f2eca228c11c4de1cc96866a54d
      size: 91998
